
Microsoft Visual Studio Solution File, Format Version 12.00
# Visual Studio Version 17
VisualStudioVersion = 17.8.34728.176
MinimumVisualStudioVersion = 10.0.40219.1
Project("{FAE04EC0-301F-11D3-BF4B-00C04F79EFBC}") = "Draco", "Draco.csproj", "{B1CAC611-B110-4F8E-92BD-3ACB4D3E5CB0}"
EndProject
Global
	GlobalSection(SolutionConfigurationPlatforms) = preSolution
		Debug|Any CPU = Debug|Any CPU
		Release|Any CPU = Release|Any CPU
	EndGlobalSection
	GlobalSection(ProjectConfigurationPlatforms) = postSolution
		{B1CAC611-B110-4F8E-92BD-3ACB4D3E5CB0}.Debug|Any CPU.ActiveCfg = Debug|Any CPU
		{B1CAC611-B110-4F8E-92BD-3ACB4D3E5CB0}.Debug|Any CPU.Build.0 = Debug|Any CPU
		{B1CAC611-B110-4F8E-92BD-3ACB4D3E5CB0}.Release|Any CPU.ActiveCfg = Release|Any CPU
		{B1CAC611-B110-4F8E-92BD-3ACB4D3E5CB0}.Release|Any CPU.Build.0 = Release|Any CPU
	EndGlobalSection
	GlobalSection(SolutionProperties) = preSolution
		HideSolutionNode = FALSE
	EndGlobalSection
	GlobalSection(ExtensibilityGlobals) = postSolution
		SolutionGuid = {257B6402-F71C-48A7-BE83-B259600DC4B2}
	EndGlobalSection
EndGlobal
